
Microsoft Visual Studio Solution File, Format Version 12.00
# Visual Studio Version 16
VisualStudioVersion = 16.0.33927.289
MinimumVisualStudioVersion = 10.0.40219.1
Project("{FAE04EC0-301F-11D3-BF4B-00C04F79EFBC}") = "DAYS OF THE WEEK", "DAYS OF THE WEEK.csproj", "{7F72142A-9103-44D1-A1C2-83D6456E4FF3}"
EndProject
Global
	GlobalSection(SolutionConfigurationPlatforms) = preSolution
		Debug|Any CPU = Debug|Any CPU
		Release|Any CPU = Release|Any CPU
	EndGlobalSection
	GlobalSection(ProjectConfigurationPlatforms) = postSolution
		{7F72142A-9103-44D1-A1C2-83D6456E4FF3}.Debug|Any CPU.ActiveCfg = Debug|Any CPU
		{7F72142A-9103-44D1-A1C2-83D6456E4FF3}.Debug|Any CPU.Build.0 = Debug|Any CPU
		{7F72142A-9103-44D1-A1C2-83D6456E4FF3}.Release|Any CPU.ActiveCfg = Release|Any CPU
		{7F72142A-9103-44D1-A1C2-83D6456E4FF3}.Release|Any CPU.Build.0 = Release|Any CPU
	EndGlobalSection
	GlobalSection(SolutionProperties) = preSolution
		HideSolutionNode = FALSE
	EndGlobalSection
	GlobalSection(ExtensibilityGlobals) = postSolution
		SolutionGuid = {A27930FA-4D31-44D3-8454-FDD4D264CBAE}
	EndGlobalSection
EndGlobal
